
Microsoft Visual Studio Solution File, Format Version 12.00
# Visual Studio Version 17
VisualStudioVersion = 17.7.34031.279
MinimumVisualStudioVersion = 10.0.40219.1
Project("{8BC9CEB8-8B4A-11D0-8D11-00A0C91BC942}") = "calculator", "calculator\calculator.vcxproj", "{A3C6FFC1-7EB5-42D4-AACE-3DCC9187B59E}"
EndProject
Global
	GlobalSection(SolutionConfigurationPlatforms) = preSolution
		Debug|x64 = Debug|x64
		Debug|x86 = Debug|x86
		Release|x64 = Release|x64
		Release|x86 = Release|x86
	EndGlobalSection
	GlobalSection(ProjectConfigurationPlatforms) = postSolution
		{A3C6FFC1-7EB5-42D4-AACE-3DCC9187B59E}.Debug|x64.ActiveCfg = Debug|x64
		{A3C6FFC1-7EB5-42D4-AACE-3DCC9187B59E}.Debug|x64.Build.0 = Debug|x64
		{A3C6FFC1-7EB5-42D4-AACE-3DCC9187B59E}.Debug|x86.ActiveCfg = Debug|Win32
		{A3C6FFC1-7EB5-42D4-AACE-3DCC9187B59E}.Debug|x86.Build.0 = Debug|Win32
		{A3C6FFC1-7EB5-42D4-AACE-3DCC9187B59E}.Release|x64.ActiveCfg = Release|x64
		{A3C6FFC1-7EB5-42D4-AACE-3DCC9187B59E}.Release|x64.Build.0 = Release|x64
		{A3C6FFC1-7EB5-42D4-AACE-3DCC9187B59E}.Release|x86.ActiveCfg = Release|Win32
		{A3C6FFC1-7EB5-42D4-AACE-3DCC9187B59E}.Release|x86.Build.0 = Release|Win32
	EndGlobalSection
	GlobalSection(SolutionProperties) = preSolution
		HideSolutionNode = FALSE
	EndGlobalSection
	GlobalSection(ExtensibilityGlobals) = postSolution
		SolutionGuid = {90EA7F5F-D635-4C3A-8550-FC3A44574F69}
	EndGlobalSection
EndGlobal
